
Microsoft Visual Studio Solution File, Format Version 12.00
# Visual Studio 15
Project("{FAE04EC0-301F-11D3-BF4B-00C04F79EFBC}") = "Potro.EditorKit.Runtime", "Potro.EditorKit.Runtime.csproj", "{410C2B94-AE37-A416-8B2E-8B82C7089354}"
EndProject
Project("{FAE04EC0-301F-11D3-BF4B-00C04F79EFBC}") = "Assembly-CSharp", "Assembly-CSharp.csproj", "{A5952352-E801-B6C7-C599-EFC8F0EB1F8D}"
EndProject
Project("{FAE04EC0-301F-11D3-BF4B-00C04F79EFBC}") = "Potro.EditorKit.Editor", "Potro.EditorKit.Editor.csproj", "{E675EE66-1433-E91C-246E-C658072B9256}"
EndProject
Global
	GlobalSection(SolutionConfigurationPlatforms) = preSolution
		Debug|Any CPU = Debug|Any CPU
		Release|Any CPU = Release|Any CPU
	EndGlobalSection
	GlobalSection(ProjectConfigurationPlatforms) = postSolution
		{410C2B94-AE37-A416-8B2E-8B82C7089354}.Debug|Any CPU.ActiveCfg = Debug|Any CPU
		{410C2B94-AE37-A416-8B2E-8B82C7089354}.Debug|Any CPU.Build.0 = Debug|Any CPU
		{410C2B94-AE37-A416-8B2E-8B82C7089354}.Release|Any CPU.ActiveCfg = Release|Any CPU
		{410C2B94-AE37-A416-8B2E-8B82C7089354}.Release|Any CPU.Build.0 = Release|Any CPU
		{A5952352-E801-B6C7-C599-EFC8F0EB1F8D}.Debug|Any CPU.ActiveCfg = Debug|Any CPU
		{A5952352-E801-B6C7-C599-EFC8F0EB1F8D}.Debug|Any CPU.Build.0 = Debug|Any CPU
		{A5952352-E801-B6C7-C599-EFC8F0EB1F8D}.Release|Any CPU.ActiveCfg = Release|Any CPU
		{A5952352-E801-B6C7-C599-EFC8F0EB1F8D}.Release|Any CPU.Build.0 = Release|Any CPU
		{E675EE66-1433-E91C-246E-C658072B9256}.Debug|Any CPU.ActiveCfg = Debug|Any CPU
		{E675EE66-1433-E91C-246E-C658072B9256}.Debug|Any CPU.Build.0 = Debug|Any CPU
		{E675EE66-1433-E91C-246E-C658072B9256}.Release|Any CPU.ActiveCfg = Release|Any CPU
		{E675EE66-1433-E91C-246E-C658072B9256}.Release|Any CPU.Build.0 = Release|Any CPU
	EndGlobalSection
	GlobalSection(SolutionProperties) = preSolution
		HideSolutionNode = FALSE
	EndGlobalSection
EndGlobal
